{
  "name": "heritage",
  "version": "1.0.0",
  "lockfileVersion": 1,
  "requires": true,
  "dependencies": {
    "@datastructures-js/avl-tree": {
      "version": "1.0.2",
      "resolved": "https://registry.npmjs.org/@datastructures-js/avl-tree/-/avl-tree-1.0.2.tgz",
      "integrity": "sha1-HjEGzK38P+FLa/hwagI8f6/DVZs="
    },
    "@datastructures-js/binary-search-tree": {
      "version": "1.0.9",
      "resolved": "https://registry.npmjs.org/@datastructures-js/binary-search-tree/-/binary-search-tree-1.0.9.tgz",
      "integrity": "sha1-Edy3h2S+Vj6eeRpQE2b4hrZkOXM="
    },
    "@datastructures-js/doubly-linked-list": {
      "version": "1.0.1",
      "resolved": "https://registry.npmjs.org/@datastructures-js/doubly-linked-list/-/doubly-linked-list-1.0.1.tgz",
      "integrity": "sha1-J2Ig3w3qdqoDEo3J/LezbznEj58="
    },
    "@datastructures-js/graph": {
      "version": "1.0.2",
      "resolved": "https://registry.npmjs.org/@datastructures-js/graph/-/graph-1.0.2.tgz",
      "integrity": "sha512-uPkhy6BZEsMYic92R3PN+JWw0D6TjVcUpNUpEMpMJ+hWDVg8bogwD5juC/x1Q8zPFenSg/nFn/2MIUlQjGEcqQ==",
      "requires": {
        "@datastructures-js/queue": "^2.0.1"
      }
    },
    "@datastructures-js/linked-list": {
      "version": "1.0.6",
      "resolved": "https://registry.npmjs.org/@datastructures-js/linked-list/-/linked-list-1.0.6.tgz",
      "integrity": "sha1-IkuBDcBdXlNuEJ+KCPbuQr6DOeA="
    },
    "@datastructures-js/max-heap": {
      "version": "1.0.2",
      "resolved": "https://registry.npmjs.org/@datastructures-js/max-heap/-/max-heap-1.0.2.tgz",
      "integrity": "sha1-D/6aPTlgfLo3IHwvvNXpKxl7Cns="
    },
    "@datastructures-js/min-heap": {
      "version": "1.0.3",
      "resolved": "https://registry.npmjs.org/@datastructures-js/min-heap/-/min-heap-1.0.3.tgz",
      "integrity": "sha1-YXIC5YagTFi5nz04w6ldqhI9e3M="
    },
    "@datastructures-js/priority-queue": {
      "version": "1.0.2",
      "resolved": "https://registry.npmjs.org/@datastructures-js/priority-queue/-/priority-queue-1.0.2.tgz",
      "integrity": "sha512-HrSXJy5QPBn7DyF5ubjR6g88zW4SXDcYf732MKXTwRYf/MSVc8C1oM7UkDpaIc9OoC4r8kwpYa6oWndQZykd1w=="
    },
    "@datastructures-js/queue": {
      "version": "2.0.3",
      "resolved": "https://registry.npmjs.org/@datastructures-js/queue/-/queue-2.0.3.tgz",
      "integrity": "sha512-mOddOTccyg9RVi+uaejcg3m9erFj2I1EtF1xSABdXEji2ULei/uiow+CT4tRN+yht3gG4LgNP8QJAkJUKP0Ctw=="
    },
    "@datastructures-js/set": {
      "version": "1.0.1",
      "resolved": "https://registry.npmjs.org/@datastructures-js/set/-/set-1.0.1.tgz",
      "integrity": "sha1-N0nFK/xGO4jaKD0UvrXBW3KWx/s="
    },
    "@datastructures-js/stack": {
      "version": "1.0.2",
      "resolved": "https://registry.npmjs.org/@datastructures-js/stack/-/stack-1.0.2.tgz",
      "integrity": "sha1-DtnjqV5lNbOGH9q5RHzk21gq1iA="
    },
    "@datastructures-js/trie": {
      "version": "1.0.5",
      "resolved": "https://registry.npmjs.org/@datastructures-js/trie/-/trie-1.0.5.tgz",
      "integrity": "sha512-/A5XEr+9Lp9+hErgasHx0SwVqXTtjZ7P1tyJVxn0AoK4EP9nmpYhOSQja4ZPyucUwqtXwx4nx2x7WqmErqfK2A=="
    },
    "@types/node": {
      "version": "13.7.6",
      "resolved": "https://registry.npmjs.org/@types/node/-/node-13.7.6.tgz",
      "integrity": "sha512-eyK7MWD0R1HqVTp+PtwRgFeIsemzuj4gBFSQxfPHY5iMjS7474e5wq+VFgTcdpyHeNxyKSaetYAjdMLJlKoWqA==",
      "dev": true
    },
    "datastructures-js": {
      "version": "6.0.2",
      "resolved": "https://registry.npmjs.org/datastructures-js/-/datastructures-js-6.0.2.tgz",
      "integrity": "sha512-6cDzMBHStwMAPEEmGQe4Ti6+vS7lCSTrff/QlLqJ3+jWoXwZpIuqwqngVV2J1ELqiZbei5KSEa+7uebUIT9H2Q==",
      "requires": {
        "@datastructures-js/avl-tree": "^1.0.2",
        "@datastructures-js/binary-search-tree": "^1.0.9",
        "@datastructures-js/doubly-linked-list": "^1.0.1",
        "@datastructures-js/graph": "^1.0.1",
        "@datastructures-js/linked-list": "^1.0.6",
        "@datastructures-js/max-heap": "^1.0.2",
        "@datastructures-js/min-heap": "^1.0.3",
        "@datastructures-js/priority-queue": "^1.0.1",
        "@datastructures-js/queue": "^2.0.2",
        "@datastructures-js/set": "^1.0.1",
        "@datastructures-js/stack": "^1.0.2",
        "@datastructures-js/trie": "^1.0.4"
      }
    },
    "typescript": {
      "version": "3.8.2",
      "resolved": "https://registry.npmjs.org/typescript/-/typescript-3.8.2.tgz",
      "integrity": "sha512-EgOVgL/4xfVrCMbhYKUQTdF37SQn4Iw73H5BgCrF1Abdun7Kwy/QZsE/ssAy0y4LxBbvua3PIbFsbRczWWnDdQ==",
      "dev": true
    }
  }
}
